
Microsoft Visual Studio Solution File, Format Version 12.00
Project("{FAE04EC0-301F-11D3-BF4B-00C04F79EFBC}") = "RepartidoCirculo", "RepartidoCirculo.csproj", "{C79652D6-E51E-4546-9409-04F19DFB98C0}"
EndProject
Global
	GlobalSection(SolutionConfigurationPlatforms) = preSolution
		Debug|Any CPU = Debug|Any CPU
		Release|Any CPU = Release|Any CPU
	EndGlobalSection
	GlobalSection(ProjectConfigurationPlatforms) = postSolution
		{C79652D6-E51E-4546-9409-04F19DFB98C0}.Debug|Any CPU.ActiveCfg = Debug|Any CPU
		{C79652D6-E51E-4546-9409-04F19DFB98C0}.Debug|Any CPU.Build.0 = Debug|Any CPU
		{C79652D6-E51E-4546-9409-04F19DFB98C0}.Release|Any CPU.ActiveCfg = Release|Any CPU
		{C79652D6-E51E-4546-9409-04F19DFB98C0}.Release|Any CPU.Build.0 = Release|Any CPU
	EndGlobalSection
EndGlobal
